
Microsoft Visual Studio Solution File, Format Version 12.00
# Visual Studio 15
VisualStudioVersion = 15.0.28010.2048
MinimumVisualStudioVersion = 10.0.40219.1
Project("{FAE04EC0-301F-11D3-BF4B-00C04F79EFBC}") = "SeekWayLibTests", "WaySeekerTest\SeekWayLibTests.csproj", "{862F4006-1BF7-459F-9699-3BDEB5BF5C94}"
EndProject
Project("{FAE04EC0-301F-11D3-BF4B-00C04F79EFBC}") = "SeekWayLib", "WaySeeker\SeekWayLib.csproj", "{50E17079-1D5D-480A-A825-785AACE57275}"
EndProject
Global
	GlobalSection(SolutionConfigurationPlatforms) = preSolution
		Debug|Any CPU = Debug|Any CPU
		Release|Any CPU = Release|Any CPU
	EndGlobalSection
	GlobalSection(ProjectConfigurationPlatforms) = postSolution
		{862F4006-1BF7-459F-9699-3BDEB5BF5C94}.Debug|Any CPU.ActiveCfg = Debug|Any CPU
		{862F4006-1BF7-459F-9699-3BDEB5BF5C94}.Debug|Any CPU.Build.0 = Debug|Any CPU
		{862F4006-1BF7-459F-9699-3BDEB5BF5C94}.Release|Any CPU.ActiveCfg = Release|Any CPU
		{862F4006-1BF7-459F-9699-3BDEB5BF5C94}.Release|Any CPU.Build.0 = Release|Any CPU
		{50E17079-1D5D-480A-A825-785AACE57275}.Debug|Any CPU.ActiveCfg = Debug|Any CPU
		{50E17079-1D5D-480A-A825-785AACE57275}.Debug|Any CPU.Build.0 = Debug|Any CPU
		{50E17079-1D5D-480A-A825-785AACE57275}.Release|Any CPU.ActiveCfg = Release|Any CPU
		{50E17079-1D5D-480A-A825-785AACE57275}.Release|Any CPU.Build.0 = Release|Any CPU
	EndGlobalSection
	GlobalSection(SolutionProperties) = preSolution
		HideSolutionNode = FALSE
	EndGlobalSection
	GlobalSection(ExtensibilityGlobals) = postSolution
		SolutionGuid = {1A9F7161-B6F7-49EA-88B2-84770221AE6D}
	EndGlobalSection
EndGlobal
